
Microsoft Visual Studio Solution File, Format Version 12.00
# Visual Studio Version 17
VisualStudioVersion = 17.5.33424.131
MinimumVisualStudioVersion = 10.0.40219.1
Project("{FAE04EC0-301F-11D3-BF4B-00C04F79EFBC}") = "Exe3-1", "Exe3-1.csproj", "{EBFE07ED-0090-4862-B56D-28F17A64C703}"
EndProject
Global
	GlobalSection(SolutionConfigurationPlatforms) = preSolution
		Debug|Any CPU = Debug|Any CPU
		Release|Any CPU = Release|Any CPU
	EndGlobalSection
	GlobalSection(ProjectConfigurationPlatforms) = postSolution
		{EBFE07ED-0090-4862-B56D-28F17A64C703}.Debug|Any CPU.ActiveCfg = Debug|Any CPU
		{EBFE07ED-0090-4862-B56D-28F17A64C703}.Debug|Any CPU.Build.0 = Debug|Any CPU
		{EBFE07ED-0090-4862-B56D-28F17A64C703}.Release|Any CPU.ActiveCfg = Release|Any CPU
		{EBFE07ED-0090-4862-B56D-28F17A64C703}.Release|Any CPU.Build.0 = Release|Any CPU
	EndGlobalSection
	GlobalSection(SolutionProperties) = preSolution
		HideSolutionNode = FALSE
	EndGlobalSection
	GlobalSection(ExtensibilityGlobals) = postSolution
		SolutionGuid = {86FF62D8-19AD-4C6D-9E9D-C1CE22F9956C}
	EndGlobalSection
EndGlobal
