
Microsoft Visual Studio Solution File, Format Version 12.00
# Visual Studio Version 17
VisualStudioVersion = 17.5.33424.131
MinimumVisualStudioVersion = 10.0.40219.1
Project("{FAE04EC0-301F-11D3-BF4B-00C04F79EFBC}") = "Turma", "Turma.csproj", "{1DFEE2D8-7E2B-45D5-9F11-7DEEBF133042}"
EndProject
Project("{FAE04EC0-301F-11D3-BF4B-00C04F79EFBC}") = "ListaTurma", "..\ListaTurma\ListaTurma.csproj", "{15542728-9B1B-407B-909F-5730DA93E19E}"
EndProject
Global
	GlobalSection(SolutionConfigurationPlatforms) = preSolution
		Debug|Any CPU = Debug|Any CPU
		Release|Any CPU = Release|Any CPU
	EndGlobalSection
	GlobalSection(ProjectConfigurationPlatforms) = postSolution
		{1DFEE2D8-7E2B-45D5-9F11-7DEEBF133042}.Debug|Any CPU.ActiveCfg = Debug|Any CPU
		{1DFEE2D8-7E2B-45D5-9F11-7DEEBF133042}.Debug|Any CPU.Build.0 = Debug|Any CPU
		{1DFEE2D8-7E2B-45D5-9F11-7DEEBF133042}.Release|Any CPU.ActiveCfg = Release|Any CPU
		{1DFEE2D8-7E2B-45D5-9F11-7DEEBF133042}.Release|Any CPU.Build.0 = Release|Any CPU
		{15542728-9B1B-407B-909F-5730DA93E19E}.Debug|Any CPU.ActiveCfg = Debug|Any CPU
		{15542728-9B1B-407B-909F-5730DA93E19E}.Debug|Any CPU.Build.0 = Debug|Any CPU
		{15542728-9B1B-407B-909F-5730DA93E19E}.Release|Any CPU.ActiveCfg = Release|Any CPU
		{15542728-9B1B-407B-909F-5730DA93E19E}.Release|Any CPU.Build.0 = Release|Any CPU
	EndGlobalSection
	GlobalSection(SolutionProperties) = preSolution
		HideSolutionNode = FALSE
	EndGlobalSection
	GlobalSection(ExtensibilityGlobals) = postSolution
		SolutionGuid = {59F83A44-06AA-42B6-8A7A-E02B02CBCB00}
	EndGlobalSection
EndGlobal
